
Microsoft Visual Studio Solution File, Format Version 12.00
# Visual Studio Version 16
VisualStudioVersion = 16.0.29509.3
MinimumVisualStudioVersion = 10.0.40219.1
Project("{FAE04EC0-301F-11D3-BF4B-00C04F79EFBC}") = "TrashCollection", "TrashCollection\TrashCollection.csproj", "{F5894BED-174F-4F3C-B469-5EE0223EDEFB}"
EndProject
Global
	GlobalSection(SolutionConfigurationPlatforms) = preSolution
		Debug|Any CPU = Debug|Any CPU
		Release|Any CPU = Release|Any CPU
	EndGlobalSection
	GlobalSection(ProjectConfigurationPlatforms) = postSolution
		{F5894BED-174F-4F3C-B469-5EE0223EDEFB}.Debug|Any CPU.ActiveCfg = Debug|Any CPU
		{F5894BED-174F-4F3C-B469-5EE0223EDEFB}.Debug|Any CPU.Build.0 = Debug|Any CPU
		{F5894BED-174F-4F3C-B469-5EE0223EDEFB}.Release|Any CPU.ActiveCfg = Release|Any CPU
		{F5894BED-174F-4F3C-B469-5EE0223EDEFB}.Release|Any CPU.Build.0 = Release|Any CPU
	EndGlobalSection
	GlobalSection(SolutionProperties) = preSolution
		HideSolutionNode = FALSE
	EndGlobalSection
	GlobalSection(ExtensibilityGlobals) = postSolution
		SolutionGuid = {FA6F156B-D0EA-4AB9-AA4B-9E3B9AC40E11}
	EndGlobalSection
EndGlobal
